// !$*UTF8*$!
{
	archiveVersion = 1;
	classes = {
	};
	objectVersion = 56;
	objects = {

/* Begin PBXBuildFile section */
		9B1179352B261EB100E8C600 /* GroupInfoView.swift in Sources */ = {isa = PBXBuildFile; fileRef = 9B1179342B261EB100E8C600 /* GroupInfoView.swift */; };
		9B6F24C82B25543100A4EA09 /* ExpenseDiaryApp.swift in Sources */ = {isa = PBXBuildFile; fileRef = 9B6F24C72B25543100A4EA09 /* ExpenseDiaryApp.swift */; };
		9B6F24CC2B25543200A4EA09 /* Assets.xcassets in Resources */ = {isa = PBXBuildFile; fileRef = 9B6F24CB2B25543200A4EA09 /* Assets.xcassets */; };
		9B6F24CF2B25543200A4EA09 /* Preview Assets.xcassets in Resources */ = {isa = PBXBuildFile; fileRef = 9B6F24CE2B25543200A4EA09 /* Preview Assets.xcassets */; };
		9B6F24D42B25543200A4EA09 /* ExpenseDiary.xcdatamodeld in Sources */ = {isa = PBXBuildFile; fileRef = 9B6F24D22B25543200A4EA09 /* ExpenseDiary.xcdatamodeld */; };
		9B6F24DB2B25544C00A4EA09 /* HomeView.swift in Sources */ = {isa = PBXBuildFile; fileRef = 9B6F24DA2B25544C00A4EA09 /* HomeView.swift */; };
		9B6F24DD2B2559A400A4EA09 /* PersonalExpenseEditView.swift in Sources */ = {isa = PBXBuildFile; fileRef = 9B6F24DC2B2559A400A4EA09 /* PersonalExpenseEditView.swift */; };
		9B6F24DF2B255D6B00A4EA09 /* GroupEditView.swift in Sources */ = {isa = PBXBuildFile; fileRef = 9B6F24DE2B255D6B00A4EA09 /* GroupEditView.swift */; };
		9B6F24E12B255E1B00A4EA09 /* GroupExpenseEditView.swift in Sources */ = {isa = PBXBuildFile; fileRef = 9B6F24E02B255E1B00A4EA09 /* GroupExpenseEditView.swift */; };
		9B6F24E32B2567C600A4EA09 /* CoreDataStack.swift in Sources */ = {isa = PBXBuildFile; fileRef = 9B6F24E22B2567C600A4EA09 /* CoreDataStack.swift */; };
		9B6F24E62B256BB700A4EA09 /* PersonalService.swift in Sources */ = {isa = PBXBuildFile; fileRef = 9B6F24E52B256BB700A4EA09 /* PersonalService.swift */; };
		9B6F24E82B25713500A4EA09 /* PersonalListView.swift in Sources */ = {isa = PBXBuildFile; fileRef = 9B6F24E72B25713500A4EA09 /* PersonalListView.swift */; };
		9B6F24EA2B259B0700A4EA09 /* GroupListView.swift in Sources */ = {isa = PBXBuildFile; fileRef = 9B6F24E92B259B0700A4EA09 /* GroupListView.swift */; };
		9B6F24EC2B259B9E00A4EA09 /* GroupService.swift in Sources */ = {isa = PBXBuildFile; fileRef = 9B6F24EB2B259B9E00A4EA09 /* GroupService.swift */; };
/* End PBXBuildFile section */

/* Begin PBXFileReference section */
		9B1179342B261EB100E8C600 /* GroupInfoView.swift */ = {isa = PBXFileReference; lastKnownFileType = sourcecode.swift; path = GroupInfoView.swift; sourceTree = "<group>"; };
		9B6F24C42B25543100A4EA09 /* ExpenseDiary.app */ = {isa = PBXFileReference; explicitFileType = wrapper.application; includeInIndex = 0; path = ExpenseDiary.app; sourceTree = BUILT_PRODUCTS_DIR; };
		9B6F24C72B25543100A4EA09 /* ExpenseDiaryApp.swift */ = {isa = PBXFileReference; lastKnownFileType = sourcecode.swift; path = ExpenseDiaryApp.swift; sourceTree = "<group>"; };
		9B6F24CB2B25543200A4EA09 /* Assets.xcassets */ = {isa = PBXFileReference; lastKnownFileType = folder.assetcatalog; path = Assets.xcassets; sourceTree = "<group>"; };
		9B6F24CE2B25543200A4EA09 /* Preview Assets.xcassets */ = {isa = PBXFileReference; lastKnownFileType = folder.assetcatalog; path = "Preview Assets.xcassets"; sourceTree = "<group>"; };
		9B6F24D32B25543200A4EA09 /* ExpenseDiary.xcdatamodel */ = {isa = PBXFileReference; lastKnownFileType = wrapper.xcdatamodel; path = ExpenseDiary.xcdatamodel; sourceTree = "<group>"; };
		9B6F24DA2B25544C00A4EA09 /* HomeView.swift */ = {isa = PBXFileReference; lastKnownFileType = sourcecode.swift; path = HomeView.swift; sourceTree = "<group>"; };
		9B6F24DC2B2559A400A4EA09 /* PersonalExpenseEditView.swift */ = {isa = PBXFileReference; lastKnownFileType = sourcecode.swift; path = PersonalExpenseEditView.swift; sourceTree = "<group>"; };
		9B6F24DE2B255D6B00A4EA09 /* GroupEditView.swift */ = {isa = PBXFileReference; lastKnownFileType = sourcecode.swift; path = GroupEditView.swift; sourceTree = "<group>"; };
		9B6F24E02B255E1B00A4EA09 /* GroupExpenseEditView.swift */ = {isa = PBXFileReference; lastKnownFileType = sourcecode.swift; path = GroupExpenseEditView.swift; sourceTree = "<group>"; };
		9B6F24E22B2567C600A4EA09 /* CoreDataStack.swift */ = {isa = PBXFileReference; fileEncoding = 4; lastKnownFileType = sourcecode.swift; path = CoreDataStack.swift; sourceTree = "<group>"; };
		9B6F24E52B256BB700A4EA09 /* PersonalService.swift */ = {isa = PBXFileReference; lastKnownFileType = sourcecode.swift; path = PersonalService.swift; sourceTree = "<group>"; };
		9B6F24E72B25713500A4EA09 /* PersonalListView.swift */ = {isa = PBXFileReference; lastKnownFileType = sourcecode.swift; path = PersonalListView.swift; sourceTree = "<group>"; };
		9B6F24E92B259B0700A4EA09 /* GroupListView.swift */ = {isa = PBXFileReference; lastKnownFileType = sourcecode.swift; path = GroupListView.swift; sourceTree = "<group>"; };
		9B6F24EB2B259B9E00A4EA09 /* GroupService.swift */ = {isa = PBXFileReference; lastKnownFileType = sourcecode.swift; path = GroupService.swift; sourceTree = "<group>"; };
/* End PBXFileReference section */

/* Begin PBXFrameworksBuildPhase section */
		9B6F24C12B25543100A4EA09 /* Frameworks */ = {
			isa = PBXFrameworksBuildPhase;
			buildActionMask = 2147483647;
			files = (
			);
			runOnlyForDeploymentPostprocessing = 0;
		};
/* End PBXFrameworksBuildPhase section */

/* Begin PBXGroup section */
		9B6F24BB2B25543100A4EA09 = {
			isa = PBXGroup;
			children = (
				9B6F24C62B25543100A4EA09 /* ExpenseDiary */,
				9B6F24C52B25543100A4EA09 /* Products */,
			);
			sourceTree = "<group>";
		};
		9B6F24C52B25543100A4EA09 /* Products */ = {
			isa = PBXGroup;
			children = (
				9B6F24C42B25543100A4EA09 /* ExpenseDiary.app */,
			);
			name = Products;
			sourceTree = "<group>";
		};
		9B6F24C62B25543100A4EA09 /* ExpenseDiary */ = {
			isa = PBXGroup;
			children = (
				9B6F24E42B256B8E00A4EA09 /* CoreData Services */,
				9B6F24C72B25543100A4EA09 /* ExpenseDiaryApp.swift */,
				9B6F24E22B2567C600A4EA09 /* CoreDataStack.swift */,
				9B6F24CB2B25543200A4EA09 /* Assets.xcassets */,
				9B6F24D22B25543200A4EA09 /* ExpenseDiary.xcdatamodeld */,
				9B6F24CD2B25543200A4EA09 /* Preview Content */,
				9B6F24DA2B25544C00A4EA09 /* HomeView.swift */,
				9B6F24DC2B2559A400A4EA09 /* PersonalExpenseEditView.swift */,
				9B6F24DE2B255D6B00A4EA09 /* GroupEditView.swift */,
				9B6F24E02B255E1B00A4EA09 /* GroupExpenseEditView.swift */,
				9B6F24E72B25713500A4EA09 /* PersonalListView.swift */,
				9B6F24E92B259B0700A4EA09 /* GroupListView.swift */,
				9B1179342B261EB100E8C600 /* GroupInfoView.swift */,
			);
			path = ExpenseDiary;
			sourceTree = "<group>";
		};
		9B6F24CD2B25543200A4EA09 /* Preview Content */ = {
			isa = PBXGroup;
			children = (
				9B6F24CE2B25543200A4EA09 /* Preview Assets.xcassets */,
			);
			path = "Preview Content";
			sourceTree = "<group>";
		};
		9B6F24E42B256B8E00A4EA09 /* CoreData Services */ = {
			isa = PBXGroup;
			children = (
				9B6F24E52B256BB700A4EA09 /* PersonalService.swift */,
				9B6F24EB2B259B9E00A4EA09 /* GroupService.swift */,
			);
			path = "CoreData Services";
			sourceTree = "<group>";
		};
/* End PBXGroup section */

/* Begin PBXNativeTarget section */
		9B6F24C32B25543100A4EA09 /* ExpenseDiary */ = {
			isa = PBXNativeTarget;
			buildConfigurationList = 9B6F24D72B25543200A4EA09 /* Build configuration list for PBXNativeTarget "ExpenseDiary" */;
			buildPhases = (
				9B6F24C02B25543100A4EA09 /* Sources */,
				9B6F24C12B25543100A4EA09 /* Frameworks */,
				9B6F24C22B25543100A4EA09 /* Resources */,
			);
			buildRules = (
			);
			dependencies = (
			);
			name = ExpenseDiary;
			productName = ExpenseDiary;
			productReference = 9B6F24C42B25543100A4EA09 /* ExpenseDiary.app */;
			productType = "com.apple.product-type.application";
		};
/* End PBXNativeTarget section */

/* Begin PBXProject section */
		9B6F24BC2B25543100A4EA09 /* Project object */ = {
			isa = PBXProject;
			attributes = {
				BuildIndependentTargetsInParallel = 1;
				LastSwiftUpdateCheck = 1500;
				LastUpgradeCheck = 1500;
				TargetAttributes = {
					9B6F24C32B25543100A4EA09 = {
						CreatedOnToolsVersion = 15.0.1;
					};
				};
			};
			buildConfigurationList = 9B6F24BF2B25543100A4EA09 /* Build configuration list for PBXProject "ExpenseDiary" */;
			compatibilityVersion = "Xcode 14.0";
			developmentRegion = en;
			hasScannedForEncodings = 0;
			knownRegions = (
				en,
				Base,
			);
			mainGroup = 9B6F24BB2B25543100A4EA09;
			productRefGroup = 9B6F24C52B25543100A4EA09 /* Products */;
			projectDirPath = "";
			projectRoot = "";
			targets = (
				9B6F24C32B25543100A4EA09 /* ExpenseDiary */,
			);
		};
/* End PBXProject section */

/* Begin PBXResourcesBuildPhase section */
		9B6F24C22B25543100A4EA09 /* Resources */ = {
			isa = PBXResourcesBuildPhase;
			buildActionMask = 2147483647;
			files = (
				9B6F24CF2B25543200A4EA09 /* Preview Assets.xcassets in Resources */,
				9B6F24CC2B25543200A4EA09 /* Assets.xcassets in Resources */,
			);
			runOnlyForDeploymentPostprocessing = 0;
		};
/* End PBXResourcesBuildPhase section */

/* Begin PBXSourcesBuildPhase section */
		9B6F24C02B25543100A4EA09 /* Sources */ = {
			isa = PBXSourcesBuildPhase;
			buildActionMask = 2147483647;
			files = (
				9B6F24DF2B255D6B00A4EA09 /* GroupEditView.swift in Sources */,
				9B6F24DD2B2559A400A4EA09 /* PersonalExpenseEditView.swift in Sources */,
				9B1179352B261EB100E8C600 /* GroupInfoView.swift in Sources */,
				9B6F24EA2B259B0700A4EA09 /* GroupListView.swift in Sources */,
				9B6F24E32B2567C600A4EA09 /* CoreDataStack.swift in Sources */,
				9B6F24E12B255E1B00A4EA09 /* GroupExpenseEditView.swift in Sources */,
				9B6F24D42B25543200A4EA09 /* ExpenseDiary.xcdatamodeld in Sources */,
				9B6F24E82B25713500A4EA09 /* PersonalListView.swift in Sources */,
				9B6F24EC2B259B9E00A4EA09 /* GroupService.swift in Sources */,
				9B6F24E62B256BB700A4EA09 /* PersonalService.swift in Sources */,
				9B6F24DB2B25544C00A4EA09 /* HomeView.swift in Sources */,
				9B6F24C82B25543100A4EA09 /* ExpenseDiaryApp.swift in Sources */,
			);
			runOnlyForDeploymentPostprocessing = 0;
		};
/* End PBXSourcesBuildPhase section */

/* Begin XCBuildConfiguration section */
		9B6F24D52B25543200A4EA09 /* Debug */ = {
			isa = XCBuildConfiguration;
			buildSettings = {
				ALWAYS_SEARCH_USER_PATHS = NO;
				ASSETCATALOG_COMPILER_GENERATE_SWIFT_ASSET_SYMBOL_EXTENSIONS = YES;
				CLANG_ANALYZER_NONNULL = YES;
				CLANG_ANALYZER_NUMBER_OBJECT_CONVERSION = YES_AGGRESSIVE;
				CLANG_CXX_LANGUAGE_STANDARD = "gnu++20";
				CLANG_ENABLE_MODULES = YES;
				CLANG_ENABLE_OBJC_ARC = YES;
				CLANG_ENABLE_OBJC_WEAK = YES;
				CLANG_WARN_BLOCK_CAPTURE_AUTORELEASING = YES;
				CLANG_WARN_BOOL_CONVERSION = YES;
				CLANG_WARN_COMMA = YES;
				CLANG_WARN_CONSTANT_CONVERSION = YES;
				CLANG_WARN_DEPRECATED_OBJC_IMPLEMENTATIONS = YES;
				CLANG_WARN_DIRECT_OBJC_ISA_USAGE = YES_ERROR;
				CLANG_WARN_DOCUMENTATION_COMMENTS = YES;
				CLANG_WARN_EMPTY_BODY = YES;
				CLANG_WARN_ENUM_CONVERSION = YES;
				CLANG_WARN_INFINITE_RECURSION = YES;
				CLANG_WARN_INT_CONVERSION = YES;
				CLANG_WARN_NON_LITERAL_NULL_CONVERSION = YES;
				CLANG_WARN_OBJC_IMPLICIT_RETAIN_SELF = YES;
				CLANG_WARN_OBJC_LITERAL_CONVERSION = YES;
				CLANG_WARN_OBJC_ROOT_CLASS = YES_ERROR;
				CLANG_WARN_QUOTED_INCLUDE_IN_FRAMEWORK_HEADER = YES;
				CLANG_WARN_RANGE_LOOP_ANALYSIS = YES;
				CLANG_WARN_STRICT_PROTOTYPES = YES;
				CLANG_WARN_SUSPICIOUS_MOVE = YES;
				CLANG_WARN_UNGUARDED_AVAILABILITY = YES_AGGRESSIVE;
				CLANG_WARN_UNREACHABLE_CODE = YES;
				CLANG_WARN__DUPLICATE_METHOD_MATCH = YES;
				COPY_PHASE_STRIP = NO;
				DEBUG_INFORMATION_FORMAT = dwarf;
				ENABLE_STRICT_OBJC_MSGSEND = YES;
				ENABLE_TESTABILITY = YES;
				ENABLE_USER_SCRIPT_SANDBOXING = YES;
				GCC_C_LANGUAGE_STANDARD = gnu17;
				GCC_DYNAMIC_NO_PIC = NO;
				GCC_NO_COMMON_BLOCKS = YES;
				GCC_OPTIMIZATION_LEVEL = 0;
				GCC_PREPROCESSOR_DEFINITIONS = (
					"DEBUG=1",
					"$(inherited)",
				);
				GCC_WARN_64_TO_32_BIT_CONVERSION = YES;
				GCC_WARN_ABOUT_RETURN_TYPE = YES_ERROR;
				GCC_WARN_UNDECLARED_SELECTOR = YES;
				GCC_WARN_UNINITIALIZED_AUTOS = YES_AGGRESSIVE;
				GCC_WARN_UNUSED_FUNCTION = YES;
				GCC_WARN_UNUSED_VARIABLE = YES;
				IPHONEOS_DEPLOYMENT_TARGET = 17.0;
				LOCALIZATION_PREFERS_STRING_CATALOGS = YES;
				MTL_ENABLE_DEBUG_INFO = INCLUDE_SOURCE;
				MTL_FAST_MATH = YES;
				ONLY_ACTIVE_ARCH = YES;
				SDKROOT = iphoneos;
				SWIFT_ACTIVE_COMPILATION_CONDITIONS = "DEBUG $(inherited)";
				SWIFT_OPTIMIZATION_LEVEL = "-Onone";
			};
			name = Debug;
		};
		9B6F24D62B25543200A4EA09 /* Release */ = {
			isa = XCBuildConfiguration;
			buildSettings = {
				ALWAYS_SEARCH_USER_PATHS = NO;
				ASSETCATALOG_COMPILER_GENERATE_SWIFT_ASSET_SYMBOL_EXTENSIONS = YES;
				CLANG_ANALYZER_NONNULL = YES;
				CLANG_ANALYZER_NUMBER_OBJECT_CONVERSION = YES_AGGRESSIVE;
				CLANG_CXX_LANGUAGE_STANDARD = "gnu++20";
				CLANG_ENABLE_MODULES = YES;
				CLANG_ENABLE_OBJC_ARC = YES;
				CLANG_ENABLE_OBJC_WEAK = YES;
				CLANG_WARN_BLOCK_CAPTURE_AUTORELEASING = YES;
				CLANG_WARN_BOOL_CONVERSION = YES;
				CLANG_WARN_COMMA = YES;
				CLANG_WARN_CONSTANT_CONVERSION = YES;
				CLANG_WARN_DEPRECATED_OBJC_IMPLEMENTATIONS = YES;
				CLANG_WARN_DIRECT_OBJC_ISA_USAGE = YES_ERROR;
				CLANG_WARN_DOCUMENTATION_COMMENTS = YES;
				CLANG_WARN_EMPTY_BODY = YES;
				CLANG_WARN_ENUM_CONVERSION = YES;
				CLANG_WARN_INFINITE_RECURSION = YES;
				CLANG_WARN_INT_CONVERSION = YES;
				CLANG_WARN_NON_LITERAL_NULL_CONVERSION = YES;
				CLANG_WARN_OBJC_IMPLICIT_RETAIN_SELF = YES;
				CLANG_WARN_OBJC_LITERAL_CONVERSION = YES;
				CLANG_WARN_OBJC_ROOT_CLASS = YES_ERROR;
				CLANG_WARN_QUOTED_INCLUDE_IN_FRAMEWORK_HEADER = YES;
				CLANG_WARN_RANGE_LOOP_ANALYSIS = YES;
				CLANG_WARN_STRICT_PROTOTYPES = YES;
				CLANG_WARN_SUSPICIOUS_MOVE = YES;
				CLANG_WARN_UNGUARDED_AVAILABILITY = YES_AGGRESSIVE;
				CLANG_WARN_UNREACHABLE_CODE = YES;
				CLANG_WARN__DUPLICATE_METHOD_MATCH = YES;
				COPY_PHASE_STRIP = NO;
				DEBUG_INFORMATION_FORMAT = "dwarf-with-dsym";
				ENABLE_NS_ASSERTIONS = NO;
				ENABLE_STRICT_OBJC_MSGSEND = YES;
				ENABLE_USER_SCRIPT_SANDBOXING = YES;
				GCC_C_LANGUAGE_STANDARD = gnu17;
				GCC_NO_COMMON_BLOCKS = YES;
				GCC_WARN_64_TO_32_BIT_CONVERSION = YES;
				GCC_WARN_ABOUT_RETURN_TYPE = YES_ERROR;
				GCC_WARN_UNDECLARED_SELECTOR = YES;
				GCC_WARN_UNINITIALIZED_AUTOS = YES_AGGRESSIVE;
				GCC_WARN_UNUSED_FUNCTION = YES;
				GCC_WARN_UNUSED_VARIABLE = YES;
				IPHONEOS_DEPLOYMENT_TARGET = 17.0;
				LOCALIZATION_PREFERS_STRING_CATALOGS = YES;
				MTL_ENABLE_DEBUG_INFO = NO;
				MTL_FAST_MATH = YES;
				SDKROOT = iphoneos;
				SWIFT_COMPILATION_MODE = wholemodule;
				VALIDATE_PRODUCT = YES;
			};
			name = Release;
		};
		9B6F24D82B25543200A4EA09 /* Debug */ = {
			isa = XCBuildConfiguration;
			buildSettings = {
				ASSETCATALOG_COMPILER_APPICON_NAME = AppIcon;
				ASSETCATALOG_COMPILER_GLOBAL_ACCENT_COLOR_NAME = AccentColor;
				CODE_SIGN_STYLE = Automatic;
				CURRENT_PROJECT_VERSION = 1;
				DEVELOPMENT_ASSET_PATHS = "\"ExpenseDiary/Preview Content\"";
				ENABLE_PREVIEWS = YES;
				GENERATE_INFOPLIST_FILE = YES;
				INFOPLIST_KEY_UIApplicationSceneManifest_Generation = YES;
				INFOPLIST_KEY_UIApplicationSupportsIndirectInputEvents = YES;
				INFOPLIST_KEY_UILaunchScreen_Generation = YES;
				INFOPLIST_KEY_UISupportedInterfaceOrientations_iPad = "UIInterfaceOrientationPortrait UIInterfaceOrientationPortraitUpsideDown UIInterfaceOrientationLandscapeLeft UIInterfaceOrientationLandscapeRight";
				INFOPLIST_KEY_UISupportedInterfaceOrientations_iPhone = "UIInterfaceOrientationPortrait UIInterfaceOrientationLandscapeLeft UIInterfaceOrientationLandscapeRight";
				LD_RUNPATH_SEARCH_PATHS = (
					"$(inherited)",
					"@executable_path/Frameworks",
				);
				MARKETING_VERSION = 1.0;
				PRODUCT_BUNDLE_IDENTIFIER = com.gd.ExpenseDiary;
				PRODUCT_NAME = "$(TARGET_NAME)";
				SWIFT_EMIT_LOC_STRINGS = YES;
				SWIFT_VERSION = 5.0;
				TARGETED_DEVICE_FAMILY = "1,2";
			};
			name = Debug;
		};
		9B6F24D92B25543200A4EA09 /* Release */ = {
			isa = XCBuildConfiguration;
			buildSettings = {
				ASSETCATALOG_COMPILER_APPICON_NAME = AppIcon;
				ASSETCATALOG_COMPILER_GLOBAL_ACCENT_COLOR_NAME = AccentColor;
				CODE_SIGN_STYLE = Automatic;
				CURRENT_PROJECT_VERSION = 1;
				DEVELOPMENT_ASSET_PATHS = "\"ExpenseDiary/Preview Content\"";
				ENABLE_PREVIEWS = YES;
				GENERATE_INFOPLIST_FILE = YES;
				INFOPLIST_KEY_UIApplicationSceneManifest_Generation = YES;
				INFOPLIST_KEY_UIApplicationSupportsIndirectInputEvents = YES;
				INFOPLIST_KEY_UILaunchScreen_Generation = YES;
				INFOPLIST_KEY_UISupportedInterfaceOrientations_iPad = "UIInterfaceOrientationPortrait UIInterfaceOrientationPortraitUpsideDown UIInterfaceOrientationLandscapeLeft UIInterfaceOrientationLandscapeRight";
				INFOPLIST_KEY_UISupportedInterfaceOrientations_iPhone = "UIInterfaceOrientationPortrait UIInterfaceOrientationLandscapeLeft UIInterfaceOrientationLandscapeRight";
				LD_RUNPATH_SEARCH_PATHS = (
					"$(inherited)",
					"@executable_path/Frameworks",
				);
				MARKETING_VERSION = 1.0;
				PRODUCT_BUNDLE_IDENTIFIER = com.gd.ExpenseDiary;
				PRODUCT_NAME = "$(TARGET_NAME)";
				SWIFT_EMIT_LOC_STRINGS = YES;
				SWIFT_VERSION = 5.0;
				TARGETED_DEVICE_FAMILY = "1,2";
			};
			name = Release;
		};
/* End XCBuildConfiguration section */

/* Begin XCConfigurationList section */
		9B6F24BF2B25543100A4EA09 /* Build configuration list for PBXProject "ExpenseDiary" */ = {
			isa = XCConfigurationList;
			buildConfigurations = (
				9B6F24D52B25543200A4EA09 /* Debug */,
				9B6F24D62B25543200A4EA09 /* Release */,
			);
			defaultConfigurationIsVisible = 0;
			defaultConfigurationName = Release;
		};
		9B6F24D72B25543200A4EA09 /* Build configuration list for PBXNativeTarget "ExpenseDiary" */ = {
			isa = XCConfigurationList;
			buildConfigurations = (
				9B6F24D82B25543200A4EA09 /* Debug */,
				9B6F24D92B25543200A4EA09 /* Release */,
			);
			defaultConfigurationIsVisible = 0;
			defaultConfigurationName = Release;
		};
/* End XCConfigurationList section */

/* Begin XCVersionGroup section */
		9B6F24D22B25543200A4EA09 /* ExpenseDiary.xcdatamodeld */ = {
			isa = XCVersionGroup;
			children = (
				9B6F24D32B25543200A4EA09 /* ExpenseDiary.xcdatamodel */,
			);
			currentVersion = 9B6F24D32B25543200A4EA09 /* ExpenseDiary.xcdatamodel */;
			path = ExpenseDiary.xcdatamodeld;
			sourceTree = "<group>";
			versionGroupType = wrapper.xcdatamodel;
		};
/* End XCVersionGroup section */
	};
	rootObject = 9B6F24BC2B25543100A4EA09 /* Project object */;
}
